// !$*UTF8*$!
{
	archiveVersion = 1;
	classes = {
	};
	objectVersion = 50;
	objects = {

/* Begin PBXBuildFile section */
		1A07AB192422EDA900B685DB /* AppDelegate.swift in Sources */ = {isa = PBXBuildFile; fileRef = 1A07AB182422EDA900B685DB /* AppDelegate.swift */; };
		1A07AB1E2422EDA900B685DB /* Main.storyboard in Resources */ = {isa = PBXBuildFile; fileRef = 1A07AB1C2422EDA900B685DB /* Main.storyboard */; };
		1A07AB202422EDAA00B685DB /* Assets.xcassets in Resources */ = {isa = PBXBuildFile; fileRef = 1A07AB1F2422EDAA00B685DB /* Assets.xcassets */; };
		1A07AB232422EDAA00B685DB /* LaunchScreen.storyboard in Resources */ = {isa = PBXBuildFile; fileRef = 1A07AB212422EDAA00B685DB /* LaunchScreen.storyboard */; };
		1A07AB2E2422EDAA00B685DB /* Assign6jfijewskTests.swift in Sources */ = {isa = PBXBuildFile; fileRef = 1A07AB2D2422EDAA00B685DB /* Assign6jfijewskTests.swift */; };
		1A07AB392422EDAA00B685DB /* Assign6jfijewskUITests.swift in Sources */ = {isa = PBXBuildFile; fileRef = 1A07AB382422EDAA00B685DB /* Assign6jfijewskUITests.swift */; };
		1A07AB492422F0F500B685DB /* edu in Resources */ = {isa = PBXBuildFile; fileRef = 1A07AB482422F0F500B685DB /* edu */; };
		1A07AB4B2422F22000B685DB /* PlaceDescription.swift in Sources */ = {isa = PBXBuildFile; fileRef = 1A07AB4A2422F22000B685DB /* PlaceDescription.swift */; };
		1A07AB4D242BB16600B685DB /* Stub.swift in Sources */ = {isa = PBXBuildFile; fileRef = 1A07AB4C242BB16600B685DB /* Stub.swift */; };
		1A07B968243640DD008F551A /* PlaceTableViewController.swift in Sources */ = {isa = PBXBuildFile; fileRef = 1A07B967243640DD008F551A /* PlaceTableViewController.swift */; };
		1A07B96A2438E487008F551A /* DetailViewController.swift in Sources */ = {isa = PBXBuildFile; fileRef = 1A07B9692438E487008F551A /* DetailViewController.swift */; };
/* End PBXBuildFile section */

/* Begin PBXContainerItemProxy section */
		1A07AB2A2422EDAA00B685DB /* PBXContainerItemProxy */ = {
			isa = PBXContainerItemProxy;
			containerPortal = 1A07AB0D2422EDA900B685DB /* Project object */;
			proxyType = 1;
			remoteGlobalIDString = 1A07AB142422EDA900B685DB;
			remoteInfo = Assign6jfijewsk;
		};
		1A07AB352422EDAA00B685DB /* PBXContainerItemProxy */ = {
			isa = PBXContainerItemProxy;
			containerPortal = 1A07AB0D2422EDA900B685DB /* Project object */;
			proxyType = 1;
			remoteGlobalIDString = 1A07AB142422EDA900B685DB;
			remoteInfo = Assign6jfijewsk;
		};
/* End PBXContainerItemProxy section */

/* Begin PBXFileReference section */
		1A07AB152422EDA900B685DB /* Assign6jfijewsk.app */ = {isa = PBXFileReference; explicitFileType = wrapper.application; includeInIndex = 0; path = Assign6jfijewsk.app; sourceTree = BUILT_PRODUCTS_DIR; };
		1A07AB182422EDA900B685DB /* AppDelegate.swift */ = {isa = PBXFileReference; lastKnownFileType = sourcecode.swift; path = AppDelegate.swift; sourceTree = "<group>"; };
		1A07AB1D2422EDA900B685DB /* Base */ = {isa = PBXFileReference; lastKnownFileType = file.storyboard; name = Base; path = Base.lproj/Main.storyboard; sourceTree = "<group>"; };
		1A07AB1F2422EDAA00B685DB /* Assets.xcassets */ = {isa = PBXFileReference; lastKnownFileType = folder.assetcatalog; path = Assets.xcassets; sourceTree = "<group>"; };
		1A07AB222422EDAA00B685DB /* Base */ = {isa = PBXFileReference; lastKnownFileType = file.storyboard; name = Base; path = Base.lproj/LaunchScreen.storyboard; sourceTree = "<group>"; };
		1A07AB242422EDAA00B685DB /* Info.plist */ = {isa = PBXFileReference; lastKnownFileType = text.plist.xml; path = Info.plist; sourceTree = "<group>"; };
		1A07AB292422EDAA00B685DB /* Assign6jfijewskTests.xctest */ = {isa = PBXFileReference; explicitFileType = wrapper.cfbundle; includeInIndex = 0; path = Assign6jfijewskTests.xctest; sourceTree = BUILT_PRODUCTS_DIR; };
		1A07AB2D2422EDAA00B685DB /* Assign6jfijewskTests.swift */ = {isa = PBXFileReference; lastKnownFileType = sourcecode.swift; path = Assign6jfijewskTests.swift; sourceTree = "<group>"; };
		1A07AB2F2422EDAA00B685DB /* Info.plist */ = {isa = PBXFileReference; lastKnownFileType = text.plist.xml; path = Info.plist; sourceTree = "<group>"; };
		1A07AB342422EDAA00B685DB /* Assign6jfijewskUITests.xctest */ = {isa = PBXFileReference; explicitFileType = wrapper.cfbundle; includeInIndex = 0; path = Assign6jfijewskUITests.xctest; sourceTree = BUILT_PRODUCTS_DIR; };
		1A07AB382422EDAA00B685DB /* Assign6jfijewskUITests.swift */ = {isa = PBXFileReference; lastKnownFileType = sourcecode.swift; path = Assign6jfijewskUITests.swift; sourceTree = "<group>"; };
		1A07AB3A2422EDAA00B685DB /* Info.plist */ = {isa = PBXFileReference; lastKnownFileType = text.plist.xml; path = Info.plist; sourceTree = "<group>"; };
		1A07AB482422F0F500B685DB /* edu */ = {isa = PBXFileReference; lastKnownFileType = folder; path = edu; sourceTree = "<group>"; };
		1A07AB4A2422F22000B685DB /* PlaceDescription.swift */ = {isa = PBXFileReference; lastKnownFileType = sourcecode.swift; name = PlaceDescription.swift; path = Assign6jfijewsk/edu/asu/bsse/jfijewsk/Assign6jfijewsk/PlaceDescription.swift; sourceTree = "<group>"; };
		1A07AB4C242BB16600B685DB /* Stub.swift */ = {isa = PBXFileReference; lastKnownFileType = sourcecode.swift; path = Stub.swift; sourceTree = "<group>"; };
		1A07B967243640DD008F551A /* PlaceTableViewController.swift */ = {isa = PBXFileReference; lastKnownFileType = sourcecode.swift; name = PlaceTableViewController.swift; path = Assign6jfijewsk/edu/asu/bsse/jfijewsk/Assign6jfijewsk/PlaceTableViewController.swift; sourceTree = "<group>"; };
		1A07B9692438E487008F551A /* DetailViewController.swift */ = {isa = PBXFileReference; fileEncoding = 4; lastKnownFileType = sourcecode.swift; path = DetailViewController.swift; sourceTree = "<group>"; };
/* End PBXFileReference section */

/* Begin PBXFrameworksBuildPhase section */
		1A07AB122422EDA900B685DB /* Frameworks */ = {
			isa = PBXFrameworksBuildPhase;
			buildActionMask = 2147483647;
			files = (
			);
			runOnlyForDeploymentPostprocessing = 0;
		};
		1A07AB262422EDAA00B685DB /* Frameworks */ = {
			isa = PBXFrameworksBuildPhase;
			buildActionMask = 2147483647;
			files = (
			);
			runOnlyForDeploymentPostprocessing = 0;
		};
		1A07AB312422EDAA00B685DB /* Frameworks */ = {
			isa = PBXFrameworksBuildPhase;
			buildActionMask = 2147483647;
			files = (
			);
			runOnlyForDeploymentPostprocessing = 0;
		};
/* End PBXFrameworksBuildPhase section */

/* Begin PBXGroup section */
		1A07AB0C2422EDA900B685DB = {
			isa = PBXGroup;
			children = (
				1A07B967243640DD008F551A /* PlaceTableViewController.swift */,
				1A07AB4C242BB16600B685DB /* Stub.swift */,
				1A07AB4A2422F22000B685DB /* PlaceDescription.swift */,
				1A07AB172422EDA900B685DB /* Assign6jfijewsk */,
				1A07AB2C2422EDAA00B685DB /* Assign6jfijewskTests */,
				1A07AB372422EDAA00B685DB /* Assign6jfijewskUITests */,
				1A07AB162422EDA900B685DB /* Products */,
			);
			sourceTree = "<group>";
		};
		1A07AB162422EDA900B685DB /* Products */ = {
			isa = PBXGroup;
			children = (
				1A07AB152422EDA900B685DB /* Assign6jfijewsk.app */,
				1A07AB292422EDAA00B685DB /* Assign6jfijewskTests.xctest */,
				1A07AB342422EDAA00B685DB /* Assign6jfijewskUITests.xctest */,
			);
			name = Products;
			sourceTree = "<group>";
		};
		1A07AB172422EDA900B685DB /* Assign6jfijewsk */ = {
			isa = PBXGroup;
			children = (
				1A07AB482422F0F500B685DB /* edu */,
				1A07AB182422EDA900B685DB /* AppDelegate.swift */,
				1A07B9692438E487008F551A /* DetailViewController.swift */,
				1A07AB1C2422EDA900B685DB /* Main.storyboard */,
				1A07AB1F2422EDAA00B685DB /* Assets.xcassets */,
				1A07AB212422EDAA00B685DB /* LaunchScreen.storyboard */,
				1A07AB242422EDAA00B685DB /* Info.plist */,
			);
			path = Assign6jfijewsk;
			sourceTree = "<group>";
		};
		1A07AB2C2422EDAA00B685DB /* Assign6jfijewskTests */ = {
			isa = PBXGroup;
			children = (
				1A07AB2D2422EDAA00B685DB /* Assign6jfijewskTests.swift */,
				1A07AB2F2422EDAA00B685DB /* Info.plist */,
			);
			path = Assign6jfijewskTests;
			sourceTree = "<group>";
		};
		1A07AB372422EDAA00B685DB /* Assign6jfijewskUITests */ = {
			isa = PBXGroup;
			children = (
				1A07AB382422EDAA00B685DB /* Assign6jfijewskUITests.swift */,
				1A07AB3A2422EDAA00B685DB /* Info.plist */,
			);
			path = Assign6jfijewskUITests;
			sourceTree = "<group>";
		};
/* End PBXGroup section */

/* Begin PBXNativeTarget section */
		1A07AB142422EDA900B685DB /* Assign6jfijewsk */ = {
			isa = PBXNativeTarget;
			buildConfigurationList = 1A07AB3D2422EDAA00B685DB /* Build configuration list for PBXNativeTarget "Assign6jfijewsk" */;
			buildPhases = (
				1A07AB112422EDA900B685DB /* Sources */,
				1A07AB122422EDA900B685DB /* Frameworks */,
				1A07AB132422EDA900B685DB /* Resources */,
			);
			buildRules = (
			);
			dependencies = (
			);
			name = Assign6jfijewsk;
			productName = Assign6jfijewsk;
			productReference = 1A07AB152422EDA900B685DB /* Assign6jfijewsk.app */;
			productType = "com.apple.product-type.application";
		};
		1A07AB282422EDAA00B685DB /* Assign6jfijewskTests */ = {
			isa = PBXNativeTarget;
			buildConfigurationList = 1A07AB402422EDAA00B685DB /* Build configuration list for PBXNativeTarget "Assign6jfijewskTests" */;
			buildPhases = (
				1A07AB252422EDAA00B685DB /* Sources */,
				1A07AB262422EDAA00B685DB /* Frameworks */,
				1A07AB272422EDAA00B685DB /* Resources */,
			);
			buildRules = (
			);
			dependencies = (
				1A07AB2B2422EDAA00B685DB /* PBXTargetDependency */,
			);
			name = Assign6jfijewskTests;
			productName = Assign6jfijewskTests;
			productReference = 1A07AB292422EDAA00B685DB /* Assign6jfijewskTests.xctest */;
			productType = "com.apple.product-type.bundle.unit-test";
		};
		1A07AB332422EDAA00B685DB /* Assign6jfijewskUITests */ = {
			isa = PBXNativeTarget;
			buildConfigurationList = 1A07AB432422EDAA00B685DB /* Build configuration list for PBXNativeTarget "Assign6jfijewskUITests" */;
			buildPhases = (
				1A07AB302422EDAA00B685DB /* Sources */,
				1A07AB312422EDAA00B685DB /* Frameworks */,
				1A07AB322422EDAA00B685DB /* Resources */,
			);
			buildRules = (
			);
			dependencies = (
				1A07AB362422EDAA00B685DB /* PBXTargetDependency */,
			);
			name = Assign6jfijewskUITests;
			productName = Assign6jfijewskUITests;
			productReference = 1A07AB342422EDAA00B685DB /* Assign6jfijewskUITests.xctest */;
			productType = "com.apple.product-type.bundle.ui-testing";
		};
/* End PBXNativeTarget section */

/* Begin PBXProject section */
		1A07AB0D2422EDA900B685DB /* Project object */ = {
			isa = PBXProject;
			attributes = {
				LastSwiftUpdateCheck = 1030;
				LastUpgradeCheck = 1030;
				ORGANIZATIONNAME = James;
				TargetAttributes = {
					1A07AB142422EDA900B685DB = {
						CreatedOnToolsVersion = 10.3;
					};
					1A07AB282422EDAA00B685DB = {
						CreatedOnToolsVersion = 10.3;
						TestTargetID = 1A07AB142422EDA900B685DB;
					};
					1A07AB332422EDAA00B685DB = {
						CreatedOnToolsVersion = 10.3;
						TestTargetID = 1A07AB142422EDA900B685DB;
					};
				};
			};
			buildConfigurationList = 1A07AB102422EDA900B685DB /* Build configuration list for PBXProject "Assign6jfijewsk" */;
			compatibilityVersion = "Xcode 9.3";
			developmentRegion = en;
			hasScannedForEncodings = 0;
			knownRegions = (
				en,
				Base,
			);
			mainGroup = 1A07AB0C2422EDA900B685DB;
			productRefGroup = 1A07AB162422EDA900B685DB /* Products */;
			projectDirPath = "";
			projectRoot = "";
			targets = (
				1A07AB142422EDA900B685DB /* Assign6jfijewsk */,
				1A07AB282422EDAA00B685DB /* Assign6jfijewskTests */,
				1A07AB332422EDAA00B685DB /* Assign6jfijewskUITests */,
			);
		};
/* End PBXProject section */

/* Begin PBXResourcesBuildPhase section */
		1A07AB132422EDA900B685DB /* Resources */ = {
			isa = PBXResourcesBuildPhase;
			buildActionMask = 2147483647;
			files = (
				1A07AB232422EDAA00B685DB /* LaunchScreen.storyboard in Resources */,
				1A07AB492422F0F500B685DB /* edu in Resources */,
				1A07AB202422EDAA00B685DB /* Assets.xcassets in Resources */,
				1A07AB1E2422EDA900B685DB /* Main.storyboard in Resources */,
			);
			runOnlyForDeploymentPostprocessing = 0;
		};
		1A07AB272422EDAA00B685DB /* Resources */ = {
			isa = PBXResourcesBuildPhase;
			buildActionMask = 2147483647;
			files = (
			);
			runOnlyForDeploymentPostprocessing = 0;
		};
		1A07AB322422EDAA00B685DB /* Resources */ = {
			isa = PBXResourcesBuildPhase;
			buildActionMask = 2147483647;
			files = (
			);
			runOnlyForDeploymentPostprocessing = 0;
		};
/* End PBXResourcesBuildPhase section */

/* Begin PBXSourcesBuildPhase section */
		1A07AB112422EDA900B685DB /* Sources */ = {
			isa = PBXSourcesBuildPhase;
			buildActionMask = 2147483647;
			files = (
				1A07AB4B2422F22000B685DB /* PlaceDescription.swift in Sources */,
				1A07B968243640DD008F551A /* PlaceTableViewController.swift in Sources */,
				1A07B96A2438E487008F551A /* DetailViewController.swift in Sources */,
				1A07AB192422EDA900B685DB /* AppDelegate.swift in Sources */,
				1A07AB4D242BB16600B685DB /* Stub.swift in Sources */,
			);
			runOnlyForDeploymentPostprocessing = 0;
		};
		1A07AB252422EDAA00B685DB /* Sources */ = {
			isa = PBXSourcesBuildPhase;
			buildActionMask = 2147483647;
			files = (
				1A07AB2E2422EDAA00B685DB /* Assign6jfijewskTests.swift in Sources */,
			);
			runOnlyForDeploymentPostprocessing = 0;
		};
		1A07AB302422EDAA00B685DB /* Sources */ = {
			isa = PBXSourcesBuildPhase;
			buildActionMask = 2147483647;
			files = (
				1A07AB392422EDAA00B685DB /* Assign6jfijewskUITests.swift in Sources */,
			);
			runOnlyForDeploymentPostprocessing = 0;
		};
/* End PBXSourcesBuildPhase section */

/* Begin PBXTargetDependency section */
		1A07AB2B2422EDAA00B685DB /* PBXTargetDependency */ = {
			isa = PBXTargetDependency;
			target = 1A07AB142422EDA900B685DB /* Assign6jfijewsk */;
			targetProxy = 1A07AB2A2422EDAA00B685DB /* PBXContainerItemProxy */;
		};
		1A07AB362422EDAA00B685DB /* PBXTargetDependency */ = {
			isa = PBXTargetDependency;
			target = 1A07AB142422EDA900B685DB /* Assign6jfijewsk */;
			targetProxy = 1A07AB352422EDAA00B685DB /* PBXContainerItemProxy */;
		};
/* End PBXTargetDependency section */

/* Begin PBXVariantGroup section */
		1A07AB1C2422EDA900B685DB /* Main.storyboard */ = {
			isa = PBXVariantGroup;
			children = (
				1A07AB1D2422EDA900B685DB /* Base */,
			);
			name = Main.storyboard;
			sourceTree = "<group>";
		};
		1A07AB212422EDAA00B685DB /* LaunchScreen.storyboard */ = {
			isa = PBXVariantGroup;
			children = (
				1A07AB222422EDAA00B685DB /* Base */,
			);
			name = LaunchScreen.storyboard;
			sourceTree = "<group>";
		};
/* End PBXVariantGroup section */

/* Begin XCBuildConfiguration section */
		1A07AB3B2422EDAA00B685DB /* Debug */ = {
			isa = XCBuildConfiguration;
			buildSettings = {
				ALWAYS_SEARCH_USER_PATHS = NO;
				CLANG_ANALYZER_NONNULL = YES;
				CLANG_ANALYZER_NUMBER_OBJECT_CONVERSION = YES_AGGRESSIVE;
				CLANG_CXX_LANGUAGE_STANDARD = "gnu++14";
				CLANG_CXX_LIBRARY = "libc++";
				CLANG_ENABLE_MODULES = YES;
				CLANG_ENABLE_OBJC_ARC = YES;
				CLANG_ENABLE_OBJC_WEAK = YES;
				CLANG_WARN_BLOCK_CAPTURE_AUTORELEASING = YES;
				CLANG_WARN_BOOL_CONVERSION = YES;
				CLANG_WARN_COMMA = YES;
				CLANG_WARN_CONSTANT_CONVERSION = YES;
				CLANG_WARN_DEPRECATED_OBJC_IMPLEMENTATIONS = YES;
				CLANG_WARN_DIRECT_OBJC_ISA_USAGE = YES_ERROR;
				CLANG_WARN_DOCUMENTATION_COMMENTS = YES;
				CLANG_WARN_EMPTY_BODY = YES;
				CLANG_WARN_ENUM_CONVERSION = YES;
				CLANG_WARN_INFINITE_RECURSION = YES;
				CLANG_WARN_INT_CONVERSION = YES;
				CLANG_WARN_NON_LITERAL_NULL_CONVERSION = YES;
				CLANG_WARN_OBJC_IMPLICIT_RETAIN_SELF = YES;
				CLANG_WARN_OBJC_LITERAL_CONVERSION = YES;
				CLANG_WARN_OBJC_ROOT_CLASS = YES_ERROR;
				CLANG_WARN_RANGE_LOOP_ANALYSIS = YES;
				CLANG_WARN_STRICT_PROTOTYPES = YES;
				CLANG_WARN_SUSPICIOUS_MOVE = YES;
				CLANG_WARN_UNGUARDED_AVAILABILITY = YES_AGGRESSIVE;
				CLANG_WARN_UNREACHABLE_CODE = YES;
				CLANG_WARN__DUPLICATE_METHOD_MATCH = YES;
				CODE_SIGN_IDENTITY = "iPhone Developer";
				COPY_PHASE_STRIP = NO;
				DEBUG_INFORMATION_FORMAT = dwarf;
				ENABLE_STRICT_OBJC_MSGSEND = YES;
				ENABLE_TESTABILITY = YES;
				GCC_C_LANGUAGE_STANDARD = gnu11;
				GCC_DYNAMIC_NO_PIC = NO;
				GCC_NO_COMMON_BLOCKS = YES;
				GCC_OPTIMIZATION_LEVEL = 0;
				GCC_PREPROCESSOR_DEFINITIONS = (
					"DEBUG=1",
					"$(inherited)",
				);
				GCC_WARN_64_TO_32_BIT_CONVERSION = YES;
				GCC_WARN_ABOUT_RETURN_TYPE = YES_ERROR;
				GCC_WARN_UNDECLARED_SELECTOR = YES;
				GCC_WARN_UNINITIALIZED_AUTOS = YES_AGGRESSIVE;
				GCC_WARN_UNUSED_FUNCTION = YES;
				GCC_WARN_UNUSED_VARIABLE = YES;
				IPHONEOS_DEPLOYMENT_TARGET = 12.4;
				MTL_ENABLE_DEBUG_INFO = INCLUDE_SOURCE;
				MTL_FAST_MATH = YES;
				ONLY_ACTIVE_ARCH = YES;
				SDKROOT = iphoneos;
				SWIFT_ACTIVE_COMPILATION_CONDITIONS = DEBUG;
				SWIFT_OPTIMIZATION_LEVEL = "-Onone";
			};
			name = Debug;
		};
		1A07AB3C2422EDAA00B685DB /* Release */ = {
			isa = XCBuildConfiguration;
			buildSettings = {
				ALWAYS_SEARCH_USER_PATHS = NO;
				CLANG_ANALYZER_NONNULL = YES;
				CLANG_ANALYZER_NUMBER_OBJECT_CONVERSION = YES_AGGRESSIVE;
				CLANG_CXX_LANGUAGE_STANDARD = "gnu++14";
				CLANG_CXX_LIBRARY = "libc++";
				CLANG_ENABLE_MODULES = YES;
				CLANG_ENABLE_OBJC_ARC = YES;
				CLANG_ENABLE_OBJC_WEAK = YES;
				CLANG_WARN_BLOCK_CAPTURE_AUTORELEASING = YES;
				CLANG_WARN_BOOL_CONVERSION = YES;
				CLANG_WARN_COMMA = YES;
				CLANG_WARN_CONSTANT_CONVERSION = YES;
				CLANG_WARN_DEPRECATED_OBJC_IMPLEMENTATIONS = YES;
				CLANG_WARN_DIRECT_OBJC_ISA_USAGE = YES_ERROR;
				CLANG_WARN_DOCUMENTATION_COMMENTS = YES;
				CLANG_WARN_EMPTY_BODY = YES;
				CLANG_WARN_ENUM_CONVERSION = YES;
				CLANG_WARN_INFINITE_RECURSION = YES;
				CLANG_WARN_INT_CONVERSION = YES;
				CLANG_WARN_NON_LITERAL_NULL_CONVERSION = YES;
				CLANG_WARN_OBJC_IMPLICIT_RETAIN_SELF = YES;
				CLANG_WARN_OBJC_LITERAL_CONVERSION = YES;
				CLANG_WARN_OBJC_ROOT_CLASS = YES_ERROR;
				CLANG_WARN_RANGE_LOOP_ANALYSIS = YES;
				CLANG_WARN_STRICT_PROTOTYPES = YES;
				CLANG_WARN_SUSPICIOUS_MOVE = YES;
				CLANG_WARN_UNGUARDED_AVAILABILITY = YES_AGGRESSIVE;
				CLANG_WARN_UNREACHABLE_CODE = YES;
				CLANG_WARN__DUPLICATE_METHOD_MATCH = YES;
				CODE_SIGN_IDENTITY = "iPhone Developer";
				COPY_PHASE_STRIP = NO;
				DEBUG_INFORMATION_FORMAT = "dwarf-with-dsym";
				ENABLE_NS_ASSERTIONS = NO;
				ENABLE_STRICT_OBJC_MSGSEND = YES;
				GCC_C_LANGUAGE_STANDARD = gnu11;
				GCC_NO_COMMON_BLOCKS = YES;
				GCC_WARN_64_TO_32_BIT_CONVERSION = YES;
				GCC_WARN_ABOUT_RETURN_TYPE = YES_ERROR;
				GCC_WARN_UNDECLARED_SELECTOR = YES;
				GCC_WARN_UNINITIALIZED_AUTOS = YES_AGGRESSIVE;
				GCC_WARN_UNUSED_FUNCTION = YES;
				GCC_WARN_UNUSED_VARIABLE = YES;
				IPHONEOS_DEPLOYMENT_TARGET = 12.4;
				MTL_ENABLE_DEBUG_INFO = NO;
				MTL_FAST_MATH = YES;
				SDKROOT = iphoneos;
				SWIFT_COMPILATION_MODE = wholemodule;
				SWIFT_OPTIMIZATION_LEVEL = "-O";
				VALIDATE_PRODUCT = YES;
			};
			name = Release;
		};
		1A07AB3E2422EDAA00B685DB /* Debug */ = {
			isa = XCBuildConfiguration;
			buildSettings = {
				ASSETCATALOG_COMPILER_APPICON_NAME = AppIcon;
				CODE_SIGN_STYLE = Automatic;
				INFOPLIST_FILE = Assign6jfijewsk/Info.plist;
				LD_RUNPATH_SEARCH_PATHS = (
					"$(inherited)",
					"@executable_path/Frameworks",
				);
				PRODUCT_BUNDLE_IDENTIFIER = edu.asu.cidse.se.jfijewsk.Assign6jfijewsk;
				PRODUCT_NAME = "$(TARGET_NAME)";
				SWIFT_VERSION = 5.0;
				TARGETED_DEVICE_FAMILY = "1,2";
			};
			name = Debug;
		};
		1A07AB3F2422EDAA00B685DB /* Release */ = {
			isa = XCBuildConfiguration;
			buildSettings = {
				ASSETCATALOG_COMPILER_APPICON_NAME = AppIcon;
				CODE_SIGN_STYLE = Automatic;
				INFOPLIST_FILE = Assign6jfijewsk/Info.plist;
				LD_RUNPATH_SEARCH_PATHS = (
					"$(inherited)",
					"@executable_path/Frameworks",
				);
				PRODUCT_BUNDLE_IDENTIFIER = edu.asu.cidse.se.jfijewsk.Assign6jfijewsk;
				PRODUCT_NAME = "$(TARGET_NAME)";
				SWIFT_VERSION = 5.0;
				TARGETED_DEVICE_FAMILY = "1,2";
			};
			name = Release;
		};
		1A07AB412422EDAA00B685DB /* Debug */ = {
			isa = XCBuildConfiguration;
			buildSettings = {
				ALWAYS_EMBED_SWIFT_STANDARD_LIBRARIES = YES;
				BUNDLE_LOADER = "$(TEST_HOST)";
				CODE_SIGN_STYLE = Automatic;
				INFOPLIST_FILE = Assign6jfijewskTests/Info.plist;
				LD_RUNPATH_SEARCH_PATHS = (
					"$(inherited)",
					"@executable_path/Frameworks",
					"@loader_path/Frameworks",
				);
				PRODUCT_BUNDLE_IDENTIFIER = edu.asu.cidse.se.jfijewsk.Assign6jfijewskTests;
				PRODUCT_NAME = "$(TARGET_NAME)";
				SWIFT_VERSION = 5.0;
				TARGETED_DEVICE_FAMILY = "1,2";
				TEST_HOST = "$(BUILT_PRODUCTS_DIR)/Assign6jfijewsk.app/Assign6jfijewsk";
			};
			name = Debug;
		};
		1A07AB422422EDAA00B685DB /* Release */ = {
			isa = XCBuildConfiguration;
			buildSettings = {
				ALWAYS_EMBED_SWIFT_STANDARD_LIBRARIES = YES;
				BUNDLE_LOADER = "$(TEST_HOST)";
				CODE_SIGN_STYLE = Automatic;
				INFOPLIST_FILE = Assign6jfijewskTests/Info.plist;
				LD_RUNPATH_SEARCH_PATHS = (
					"$(inherited)",
					"@executable_path/Frameworks",
					"@loader_path/Frameworks",
				);
				PRODUCT_BUNDLE_IDENTIFIER = edu.asu.cidse.se.jfijewsk.Assign6jfijewskTests;
				PRODUCT_NAME = "$(TARGET_NAME)";
				SWIFT_VERSION = 5.0;
				TARGETED_DEVICE_FAMILY = "1,2";
				TEST_HOST = "$(BUILT_PRODUCTS_DIR)/Assign6jfijewsk.app/Assign6jfijewsk";
			};
			name = Release;
		};
		1A07AB442422EDAA00B685DB /* Debug */ = {
			isa = XCBuildConfiguration;
			buildSettings = {
				ALWAYS_EMBED_SWIFT_STANDARD_LIBRARIES = YES;
				CODE_SIGN_STYLE = Automatic;
				INFOPLIST_FILE = Assign6jfijewskUITests/Info.plist;
				LD_RUNPATH_SEARCH_PATHS = (
					"$(inherited)",
					"@executable_path/Frameworks",
					"@loader_path/Frameworks",
				);
				PRODUCT_BUNDLE_IDENTIFIER = edu.asu.cidse.se.jfijewsk.Assign6jfijewskUITests;
				PRODUCT_NAME = "$(TARGET_NAME)";
				SWIFT_VERSION = 5.0;
				TARGETED_DEVICE_FAMILY = "1,2";
				TEST_TARGET_NAME = Assign6jfijewsk;
			};
			name = Debug;
		};
		1A07AB452422EDAA00B685DB /* Release */ = {
			isa = XCBuildConfiguration;
			buildSettings = {
				ALWAYS_EMBED_SWIFT_STANDARD_LIBRARIES = YES;
				CODE_SIGN_STYLE = Automatic;
				INFOPLIST_FILE = Assign6jfijewskUITests/Info.plist;
				LD_RUNPATH_SEARCH_PATHS = (
					"$(inherited)",
					"@executable_path/Frameworks",
					"@loader_path/Frameworks",
				);
				PRODUCT_BUNDLE_IDENTIFIER = edu.asu.cidse.se.jfijewsk.Assign6jfijewskUITests;
				PRODUCT_NAME = "$(TARGET_NAME)";
				SWIFT_VERSION = 5.0;
				TARGETED_DEVICE_FAMILY = "1,2";
				TEST_TARGET_NAME = Assign6jfijewsk;
			};
			name = Release;
		};
/* End XCBuildConfiguration section */

/* Begin XCConfigurationList section */
		1A07AB102422EDA900B685DB /* Build configuration list for PBXProject "Assign6jfijewsk" */ = {
			isa = XCConfigurationList;
			buildConfigurations = (
				1A07AB3B2422EDAA00B685DB /* Debug */,
				1A07AB3C2422EDAA00B685DB /* Release */,
			);
			defaultConfigurationIsVisible = 0;
			defaultConfigurationName = Release;
		};
		1A07AB3D2422EDAA00B685DB /* Build configuration list for PBXNativeTarget "Assign6jfijewsk" */ = {
			isa = XCConfigurationList;
			buildConfigurations = (
				1A07AB3E2422EDAA00B685DB /* Debug */,
				1A07AB3F2422EDAA00B685DB /* Release */,
			);
			defaultConfigurationIsVisible = 0;
			defaultConfigurationName = Release;
		};
		1A07AB402422EDAA00B685DB /* Build configuration list for PBXNativeTarget "Assign6jfijewskTests" */ = {
			isa = XCConfigurationList;
			buildConfigurations = (
				1A07AB412422EDAA00B685DB /* Debug */,
				1A07AB422422EDAA00B685DB /* Release */,
			);
			defaultConfigurationIsVisible = 0;
			defaultConfigurationName = Release;
		};
		1A07AB432422EDAA00B685DB /* Build configuration list for PBXNativeTarget "Assign6jfijewskUITests" */ = {
			isa = XCConfigurationList;
			buildConfigurations = (
				1A07AB442422EDAA00B685DB /* Debug */,
				1A07AB452422EDAA00B685DB /* Release */,
			);
			defaultConfigurationIsVisible = 0;
			defaultConfigurationName = Release;
		};
/* End XCConfigurationList section */
	};
	rootObject = 1A07AB0D2422EDA900B685DB /* Project object */;
}
